// !$*UTF8*$!
{
	archiveVersion = 1;
	classes = {
	};
	objectVersion = 50;
	objects = {

/* Begin PBXBuildFile section */
		1C3EDC44215E799D001F7C25 /* RecipeCell.swift in Sources */ = {isa = PBXBuildFile; fileRef = 1C3EDC43215E799D001F7C25 /* RecipeCell.swift */; };
		1C3EDC46215E918E001F7C25 /* RecipeDetailVC.swift in Sources */ = {isa = PBXBuildFile; fileRef = 1C3EDC45215E918E001F7C25 /* RecipeDetailVC.swift */; };
		1C761B25215D739900F5A13D /* CategoryCell.swift in Sources */ = {isa = PBXBuildFile; fileRef = 1C761B24215D739900F5A13D /* CategoryCell.swift */; };
		1C761B27215D7AC500F5A13D /* RecipiesSelectionVC.swift in Sources */ = {isa = PBXBuildFile; fileRef = 1C761B26215D7AC500F5A13D /* RecipiesSelectionVC.swift */; };
		1CE35B1E215D215A0077A020 /* AppDelegate.swift in Sources */ = {isa = PBXBuildFile; fileRef = 1CE35B1D215D215A0077A020 /* AppDelegate.swift */; };
		1CE35B20215D215A0077A020 /* HomeVC.swift in Sources */ = {isa = PBXBuildFile; fileRef = 1CE35B1F215D215A0077A020 /* HomeVC.swift */; };
		1CE35B23215D215A0077A020 /* Main.storyboard in Resources */ = {isa = PBXBuildFile; fileRef = 1CE35B21215D215A0077A020 /* Main.storyboard */; };
		1CE35B25215D215B0077A020 /* Assets.xcassets in Resources */ = {isa = PBXBuildFile; fileRef = 1CE35B24215D215B0077A020 /* Assets.xcassets */; };
		1CE35B28215D215B0077A020 /* LaunchScreen.storyboard in Resources */ = {isa = PBXBuildFile; fileRef = 1CE35B26215D215B0077A020 /* LaunchScreen.storyboard */; };
		1CE35B33215D215B0077A020 /* GoodEatsTests.swift in Sources */ = {isa = PBXBuildFile; fileRef = 1CE35B32215D215B0077A020 /* GoodEatsTests.swift */; };
		1CE35B3E215D215B0077A020 /* GoodEatsUITests.swift in Sources */ = {isa = PBXBuildFile; fileRef = 1CE35B3D215D215B0077A020 /* GoodEatsUITests.swift */; };
		1CE35B4F215D218D0077A020 /* FoodCategory.swift in Sources */ = {isa = PBXBuildFile; fileRef = 1CE35B4E215D218D0077A020 /* FoodCategory.swift */; };
		1CE35B51215D21E40077A020 /* Recipe.swift in Sources */ = {isa = PBXBuildFile; fileRef = 1CE35B50215D21E40077A020 /* Recipe.swift */; };
		1CE35B53215D22210077A020 /* DataSet.swift in Sources */ = {isa = PBXBuildFile; fileRef = 1CE35B52215D22210077A020 /* DataSet.swift */; };
/* End PBXBuildFile section */

/* Begin PBXContainerItemProxy section */
		1CE35B2F215D215B0077A020 /* PBXContainerItemProxy */ = {
			isa = PBXContainerItemProxy;
			containerPortal = 1CE35B12215D215A0077A020 /* Project object */;
			proxyType = 1;
			remoteGlobalIDString = 1CE35B19215D215A0077A020;
			remoteInfo = GoodEats;
		};
		1CE35B3A215D215B0077A020 /* PBXContainerItemProxy */ = {
			isa = PBXContainerItemProxy;
			containerPortal = 1CE35B12215D215A0077A020 /* Project object */;
			proxyType = 1;
			remoteGlobalIDString = 1CE35B19215D215A0077A020;
			remoteInfo = GoodEats;
		};
/* End PBXContainerItemProxy section */

/* Begin PBXFileReference section */
		1C3EDC43215E799D001F7C25 /* RecipeCell.swift */ = {isa = PBXFileReference; lastKnownFileType = sourcecode.swift; path = RecipeCell.swift; sourceTree = "<group>"; };
		1C3EDC45215E918E001F7C25 /* RecipeDetailVC.swift */ = {isa = PBXFileReference; lastKnownFileType = sourcecode.swift; path = RecipeDetailVC.swift; sourceTree = "<group>"; };
		1C761B24215D739900F5A13D /* CategoryCell.swift */ = {isa = PBXFileReference; lastKnownFileType = sourcecode.swift; path = CategoryCell.swift; sourceTree = "<group>"; };
		1C761B26215D7AC500F5A13D /* RecipiesSelectionVC.swift */ = {isa = PBXFileReference; lastKnownFileType = sourcecode.swift; path = RecipiesSelectionVC.swift; sourceTree = "<group>"; };
		1CE35B1A215D215A0077A020 /* GoodEats.app */ = {isa = PBXFileReference; explicitFileType = wrapper.application; includeInIndex = 0; path = GoodEats.app; sourceTree = BUILT_PRODUCTS_DIR; };
		1CE35B1D215D215A0077A020 /* AppDelegate.swift */ = {isa = PBXFileReference; lastKnownFileType = sourcecode.swift; path = AppDelegate.swift; sourceTree = "<group>"; };
		1CE35B1F215D215A0077A020 /* HomeVC.swift */ = {isa = PBXFileReference; lastKnownFileType = sourcecode.swift; path = HomeVC.swift; sourceTree = "<group>"; };
		1CE35B22215D215A0077A020 /* Base */ = {isa = PBXFileReference; lastKnownFileType = file.storyboard; name = Base; path = Base.lproj/Main.storyboard; sourceTree = "<group>"; };
		1CE35B24215D215B0077A020 /* Assets.xcassets */ = {isa = PBXFileReference; lastKnownFileType = folder.assetcatalog; path = Assets.xcassets; sourceTree = "<group>"; };
		1CE35B27215D215B0077A020 /* Base */ = {isa = PBXFileReference; lastKnownFileType = file.storyboard; name = Base; path = Base.lproj/LaunchScreen.storyboard; sourceTree = "<group>"; };
		1CE35B29215D215B0077A020 /* Info.plist */ = {isa = PBXFileReference; lastKnownFileType = text.plist.xml; path = Info.plist; sourceTree = "<group>"; };
		1CE35B2E215D215B0077A020 /* GoodEatsTests.xctest */ = {isa = PBXFileReference; explicitFileType = wrapper.cfbundle; includeInIndex = 0; path = GoodEatsTests.xctest; sourceTree = BUILT_PRODUCTS_DIR; };
		1CE35B32215D215B0077A020 /* GoodEatsTests.swift */ = {isa = PBXFileReference; lastKnownFileType = sourcecode.swift; path = GoodEatsTests.swift; sourceTree = "<group>"; };
		1CE35B34215D215B0077A020 /* Info.plist */ = {isa = PBXFileReference; lastKnownFileType = text.plist.xml; path = Info.plist; sourceTree = "<group>"; };
		1CE35B39215D215B0077A020 /* GoodEatsUITests.xctest */ = {isa = PBXFileReference; explicitFileType = wrapper.cfbundle; includeInIndex = 0; path = GoodEatsUITests.xctest; sourceTree = BUILT_PRODUCTS_DIR; };
		1CE35B3D215D215B0077A020 /* GoodEatsUITests.swift */ = {isa = PBXFileReference; lastKnownFileType = sourcecode.swift; path = GoodEatsUITests.swift; sourceTree = "<group>"; };
		1CE35B3F215D215B0077A020 /* Info.plist */ = {isa = PBXFileReference; lastKnownFileType = text.plist.xml; path = Info.plist; sourceTree = "<group>"; };
		1CE35B4E215D218D0077A020 /* FoodCategory.swift */ = {isa = PBXFileReference; lastKnownFileType = sourcecode.swift; path = FoodCategory.swift; sourceTree = "<group>"; };
		1CE35B50215D21E40077A020 /* Recipe.swift */ = {isa = PBXFileReference; lastKnownFileType = sourcecode.swift; path = Recipe.swift; sourceTree = "<group>"; };
		1CE35B52215D22210077A020 /* DataSet.swift */ = {isa = PBXFileReference; lastKnownFileType = sourcecode.swift; path = DataSet.swift; sourceTree = "<group>"; };
/* End PBXFileReference section */

/* Begin PBXFrameworksBuildPhase section */
		1CE35B17215D215A0077A020 /* Frameworks */ = {
			isa = PBXFrameworksBuildPhase;
			buildActionMask = 2147483647;
			files = (
			);
			runOnlyForDeploymentPostprocessing = 0;
		};
		1CE35B2B215D215B0077A020 /* Frameworks */ = {
			isa = PBXFrameworksBuildPhase;
			buildActionMask = 2147483647;
			files = (
			);
			runOnlyForDeploymentPostprocessing = 0;
		};
		1CE35B36215D215B0077A020 /* Frameworks */ = {
			isa = PBXFrameworksBuildPhase;
			buildActionMask = 2147483647;
			files = (
			);
			runOnlyForDeploymentPostprocessing = 0;
		};
/* End PBXFrameworksBuildPhase section */

/* Begin PBXGroup section */
		1CE35B11215D215A0077A020 = {
			isa = PBXGroup;
			children = (
				1CE35B1C215D215A0077A020 /* GoodEats */,
				1CE35B31215D215B0077A020 /* GoodEatsTests */,
				1CE35B3C215D215B0077A020 /* GoodEatsUITests */,
				1CE35B1B215D215A0077A020 /* Products */,
			);
			sourceTree = "<group>";
		};
		1CE35B1B215D215A0077A020 /* Products */ = {
			isa = PBXGroup;
			children = (
				1CE35B1A215D215A0077A020 /* GoodEats.app */,
				1CE35B2E215D215B0077A020 /* GoodEatsTests.xctest */,
				1CE35B39215D215B0077A020 /* GoodEatsUITests.xctest */,
			);
			name = Products;
			sourceTree = "<group>";
		};
		1CE35B1C215D215A0077A020 /* GoodEats */ = {
			isa = PBXGroup;
			children = (
				1CE35B4B215D21630077A020 /* Model */,
				1CE35B4C215D21690077A020 /* View */,
				1CE35B4D215D216F0077A020 /* Controller */,
				1CE35B24215D215B0077A020 /* Assets.xcassets */,
				1CE35B29215D215B0077A020 /* Info.plist */,
			);
			path = GoodEats;
			sourceTree = "<group>";
		};
		1CE35B31215D215B0077A020 /* GoodEatsTests */ = {
			isa = PBXGroup;
			children = (
				1CE35B32215D215B0077A020 /* GoodEatsTests.swift */,
				1CE35B34215D215B0077A020 /* Info.plist */,
			);
			path = GoodEatsTests;
			sourceTree = "<group>";
		};
		1CE35B3C215D215B0077A020 /* GoodEatsUITests */ = {
			isa = PBXGroup;
			children = (
				1CE35B3D215D215B0077A020 /* GoodEatsUITests.swift */,
				1CE35B3F215D215B0077A020 /* Info.plist */,
			);
			path = GoodEatsUITests;
			sourceTree = "<group>";
		};
		1CE35B4B215D21630077A020 /* Model */ = {
			isa = PBXGroup;
			children = (
				1CE35B4E215D218D0077A020 /* FoodCategory.swift */,
				1CE35B50215D21E40077A020 /* Recipe.swift */,
				1CE35B52215D22210077A020 /* DataSet.swift */,
			);
			path = Model;
			sourceTree = "<group>";
		};
		1CE35B4C215D21690077A020 /* View */ = {
			isa = PBXGroup;
			children = (
				1CE35B21215D215A0077A020 /* Main.storyboard */,
				1CE35B26215D215B0077A020 /* LaunchScreen.storyboard */,
				1C761B24215D739900F5A13D /* CategoryCell.swift */,
				1C3EDC43215E799D001F7C25 /* RecipeCell.swift */,
			);
			path = View;
			sourceTree = "<group>";
		};
		1CE35B4D215D216F0077A020 /* Controller */ = {
			isa = PBXGroup;
			children = (
				1CE35B1D215D215A0077A020 /* AppDelegate.swift */,
				1CE35B1F215D215A0077A020 /* HomeVC.swift */,
				1C761B26215D7AC500F5A13D /* RecipiesSelectionVC.swift */,
				1C3EDC45215E918E001F7C25 /* RecipeDetailVC.swift */,
			);
			path = Controller;
			sourceTree = "<group>";
		};
/* End PBXGroup section */

/* Begin PBXNativeTarget section */
		1CE35B19215D215A0077A020 /* GoodEats */ = {
			isa = PBXNativeTarget;
			buildConfigurationList = 1CE35B42215D215B0077A020 /* Build configuration list for PBXNativeTarget "GoodEats" */;
			buildPhases = (
				1CE35B16215D215A0077A020 /* Sources */,
				1CE35B17215D215A0077A020 /* Frameworks */,
				1CE35B18215D215A0077A020 /* Resources */,
			);
			buildRules = (
			);
			dependencies = (
			);
			name = GoodEats;
			productName = GoodEats;
			productReference = 1CE35B1A215D215A0077A020 /* GoodEats.app */;
			productType = "com.apple.product-type.application";
		};
		1CE35B2D215D215B0077A020 /* GoodEatsTests */ = {
			isa = PBXNativeTarget;
			buildConfigurationList = 1CE35B45215D215B0077A020 /* Build configuration list for PBXNativeTarget "GoodEatsTests" */;
			buildPhases = (
				1CE35B2A215D215B0077A020 /* Sources */,
				1CE35B2B215D215B0077A020 /* Frameworks */,
				1CE35B2C215D215B0077A020 /* Resources */,
			);
			buildRules = (
			);
			dependencies = (
				1CE35B30215D215B0077A020 /* PBXTargetDependency */,
			);
			name = GoodEatsTests;
			productName = GoodEatsTests;
			productReference = 1CE35B2E215D215B0077A020 /* GoodEatsTests.xctest */;
			productType = "com.apple.product-type.bundle.unit-test";
		};
		1CE35B38215D215B0077A020 /* GoodEatsUITests */ = {
			isa = PBXNativeTarget;
			buildConfigurationList = 1CE35B48215D215B0077A020 /* Build configuration list for PBXNativeTarget "GoodEatsUITests" */;
			buildPhases = (
				1CE35B35215D215B0077A020 /* Sources */,
				1CE35B36215D215B0077A020 /* Frameworks */,
				1CE35B37215D215B0077A020 /* Resources */,
			);
			buildRules = (
			);
			dependencies = (
				1CE35B3B215D215B0077A020 /* PBXTargetDependency */,
			);
			name = GoodEatsUITests;
			productName = GoodEatsUITests;
			productReference = 1CE35B39215D215B0077A020 /* GoodEatsUITests.xctest */;
			productType = "com.apple.product-type.bundle.ui-testing";
		};
/* End PBXNativeTarget section */

/* Begin PBXProject section */
		1CE35B12215D215A0077A020 /* Project object */ = {
			isa = PBXProject;
			attributes = {
				LastSwiftUpdateCheck = 1000;
				LastUpgradeCheck = 1000;
				ORGANIZATIONNAME = MorilloApps;
				TargetAttributes = {
					1CE35B19215D215A0077A020 = {
						CreatedOnToolsVersion = 10.0;
					};
					1CE35B2D215D215B0077A020 = {
						CreatedOnToolsVersion = 10.0;
						TestTargetID = 1CE35B19215D215A0077A020;
					};
					1CE35B38215D215B0077A020 = {
						CreatedOnToolsVersion = 10.0;
						TestTargetID = 1CE35B19215D215A0077A020;
					};
				};
			};
			buildConfigurationList = 1CE35B15215D215A0077A020 /* Build configuration list for PBXProject "GoodEats" */;
			compatibilityVersion = "Xcode 9.3";
			developmentRegion = en;
			hasScannedForEncodings = 0;
			knownRegions = (
				en,
				Base,
			);
			mainGroup = 1CE35B11215D215A0077A020;
			productRefGroup = 1CE35B1B215D215A0077A020 /* Products */;
			projectDirPath = "";
			projectRoot = "";
			targets = (
				1CE35B19215D215A0077A020 /* GoodEats */,
				1CE35B2D215D215B0077A020 /* GoodEatsTests */,
				1CE35B38215D215B0077A020 /* GoodEatsUITests */,
			);
		};
/* End PBXProject section */

/* Begin PBXResourcesBuildPhase section */
		1CE35B18215D215A0077A020 /* Resources */ = {
			isa = PBXResourcesBuildPhase;
			buildActionMask = 2147483647;
			files = (
				1CE35B28215D215B0077A020 /* LaunchScreen.storyboard in Resources */,
				1CE35B25215D215B0077A020 /* Assets.xcassets in Resources */,
				1CE35B23215D215A0077A020 /* Main.storyboard in Resources */,
			);
			runOnlyForDeploymentPostprocessing = 0;
		};
		1CE35B2C215D215B0077A020 /* Resources */ = {
			isa = PBXResourcesBuildPhase;
			buildActionMask = 2147483647;
			files = (
			);
			runOnlyForDeploymentPostprocessing = 0;
		};
		1CE35B37215D215B0077A020 /* Resources */ = {
			isa = PBXResourcesBuildPhase;
			buildActionMask = 2147483647;
			files = (
			);
			runOnlyForDeploymentPostprocessing = 0;
		};
/* End PBXResourcesBuildPhase section */

/* Begin PBXSourcesBuildPhase section */
		1CE35B16215D215A0077A020 /* Sources */ = {
			isa = PBXSourcesBuildPhase;
			buildActionMask = 2147483647;
			files = (
				1C3EDC46215E918E001F7C25 /* RecipeDetailVC.swift in Sources */,
				1CE35B20215D215A0077A020 /* HomeVC.swift in Sources */,
				1C761B27215D7AC500F5A13D /* RecipiesSelectionVC.swift in Sources */,
				1CE35B53215D22210077A020 /* DataSet.swift in Sources */,
				1C3EDC44215E799D001F7C25 /* RecipeCell.swift in Sources */,
				1CE35B4F215D218D0077A020 /* FoodCategory.swift in Sources */,
				1CE35B1E215D215A0077A020 /* AppDelegate.swift in Sources */,
				1CE35B51215D21E40077A020 /* Recipe.swift in Sources */,
				1C761B25215D739900F5A13D /* CategoryCell.swift in Sources */,
			);
			runOnlyForDeploymentPostprocessing = 0;
		};
		1CE35B2A215D215B0077A020 /* Sources */ = {
			isa = PBXSourcesBuildPhase;
			buildActionMask = 2147483647;
			files = (
				1CE35B33215D215B0077A020 /* GoodEatsTests.swift in Sources */,
			);
			runOnlyForDeploymentPostprocessing = 0;
		};
		1CE35B35215D215B0077A020 /* Sources */ = {
			isa = PBXSourcesBuildPhase;
			buildActionMask = 2147483647;
			files = (
				1CE35B3E215D215B0077A020 /* GoodEatsUITests.swift in Sources */,
			);
			runOnlyForDeploymentPostprocessing = 0;
		};
/* End PBXSourcesBuildPhase section */

/* Begin PBXTargetDependency section */
		1CE35B30215D215B0077A020 /* PBXTargetDependency */ = {
			isa = PBXTargetDependency;
			target = 1CE35B19215D215A0077A020 /* GoodEats */;
			targetProxy = 1CE35B2F215D215B0077A020 /* PBXContainerItemProxy */;
		};
		1CE35B3B215D215B0077A020 /* PBXTargetDependency */ = {
			isa = PBXTargetDependency;
			target = 1CE35B19215D215A0077A020 /* GoodEats */;
			targetProxy = 1CE35B3A215D215B0077A020 /* PBXContainerItemProxy */;
		};
/* End PBXTargetDependency section */

/* Begin PBXVariantGroup section */
		1CE35B21215D215A0077A020 /* Main.storyboard */ = {
			isa = PBXVariantGroup;
			children = (
				1CE35B22215D215A0077A020 /* Base */,
			);
			name = Main.storyboard;
			sourceTree = "<group>";
		};
		1CE35B26215D215B0077A020 /* LaunchScreen.storyboard */ = {
			isa = PBXVariantGroup;
			children = (
				1CE35B27215D215B0077A020 /* Base */,
			);
			name = LaunchScreen.storyboard;
			sourceTree = "<group>";
		};
/* End PBXVariantGroup section */

/* Begin XCBuildConfiguration section */
		1CE35B40215D215B0077A020 /* Debug */ = {
			isa = XCBuildConfiguration;
			buildSettings = {
				ALWAYS_SEARCH_USER_PATHS = NO;
				CLANG_ANALYZER_NONNULL = YES;
				CLANG_ANALYZER_NUMBER_OBJECT_CONVERSION = YES_AGGRESSIVE;
				CLANG_CXX_LANGUAGE_STANDARD = "gnu++14";
				CLANG_CXX_LIBRARY = "libc++";
				CLANG_ENABLE_MODULES = YES;
				CLANG_ENABLE_OBJC_ARC = YES;
				CLANG_ENABLE_OBJC_WEAK = YES;
				CLANG_WARN_BLOCK_CAPTURE_AUTORELEASING = YES;
				CLANG_WARN_BOOL_CONVERSION = YES;
				CLANG_WARN_COMMA = YES;
				CLANG_WARN_CONSTANT_CONVERSION = YES;
				CLANG_WARN_DEPRECATED_OBJC_IMPLEMENTATIONS = YES;
				CLANG_WARN_DIRECT_OBJC_ISA_USAGE = YES_ERROR;
				CLANG_WARN_DOCUMENTATION_COMMENTS = YES;
				CLANG_WARN_EMPTY_BODY = YES;
				CLANG_WARN_ENUM_CONVERSION = YES;
				CLANG_WARN_INFINITE_RECURSION = YES;
				CLANG_WARN_INT_CONVERSION = YES;
				CLANG_WARN_NON_LITERAL_NULL_CONVERSION = YES;
				CLANG_WARN_OBJC_IMPLICIT_RETAIN_SELF = YES;
				CLANG_WARN_OBJC_LITERAL_CONVERSION = YES;
				CLANG_WARN_OBJC_ROOT_CLASS = YES_ERROR;
				CLANG_WARN_RANGE_LOOP_ANALYSIS = YES;
				CLANG_WARN_STRICT_PROTOTYPES = YES;
				CLANG_WARN_SUSPICIOUS_MOVE = YES;
				CLANG_WARN_UNGUARDED_AVAILABILITY = YES_AGGRESSIVE;
				CLANG_WARN_UNREACHABLE_CODE = YES;
				CLANG_WARN__DUPLICATE_METHOD_MATCH = YES;
				CODE_SIGN_IDENTITY = "iPhone Developer";
				COPY_PHASE_STRIP = NO;
				DEBUG_INFORMATION_FORMAT = dwarf;
				ENABLE_STRICT_OBJC_MSGSEND = YES;
				ENABLE_TESTABILITY = YES;
				GCC_C_LANGUAGE_STANDARD = gnu11;
				GCC_DYNAMIC_NO_PIC = NO;
				GCC_NO_COMMON_BLOCKS = YES;
				GCC_OPTIMIZATION_LEVEL = 0;
				GCC_PREPROCESSOR_DEFINITIONS = (
					"DEBUG=1",
					"$(inherited)",
				);
				GCC_WARN_64_TO_32_BIT_CONVERSION = YES;
				GCC_WARN_ABOUT_RETURN_TYPE = YES_ERROR;
				GCC_WARN_UNDECLARED_SELECTOR = YES;
				GCC_WARN_UNINITIALIZED_AUTOS = YES_AGGRESSIVE;
				GCC_WARN_UNUSED_FUNCTION = YES;
				GCC_WARN_UNUSED_VARIABLE = YES;
				IPHONEOS_DEPLOYMENT_TARGET = 12.0;
				MTL_ENABLE_DEBUG_INFO = INCLUDE_SOURCE;
				MTL_FAST_MATH = YES;
				ONLY_ACTIVE_ARCH = YES;
				SDKROOT = iphoneos;
				SWIFT_ACTIVE_COMPILATION_CONDITIONS = DEBUG;
				SWIFT_OPTIMIZATION_LEVEL = "-Onone";
			};
			name = Debug;
		};
		1CE35B41215D215B0077A020 /* Release */ = {
			isa = XCBuildConfiguration;
			buildSettings = {
				ALWAYS_SEARCH_USER_PATHS = NO;
				CLANG_ANALYZER_NONNULL = YES;
				CLANG_ANALYZER_NUMBER_OBJECT_CONVERSION = YES_AGGRESSIVE;
				CLANG_CXX_LANGUAGE_STANDARD = "gnu++14";
				CLANG_CXX_LIBRARY = "libc++";
				CLANG_ENABLE_MODULES = YES;
				CLANG_ENABLE_OBJC_ARC = YES;
				CLANG_ENABLE_OBJC_WEAK = YES;
				CLANG_WARN_BLOCK_CAPTURE_AUTORELEASING = YES;
				CLANG_WARN_BOOL_CONVERSION = YES;
				CLANG_WARN_COMMA = YES;
				CLANG_WARN_CONSTANT_CONVERSION = YES;
				CLANG_WARN_DEPRECATED_OBJC_IMPLEMENTATIONS = YES;
				CLANG_WARN_DIRECT_OBJC_ISA_USAGE = YES_ERROR;
				CLANG_WARN_DOCUMENTATION_COMMENTS = YES;
				CLANG_WARN_EMPTY_BODY = YES;
				CLANG_WARN_ENUM_CONVERSION = YES;
				CLANG_WARN_INFINITE_RECURSION = YES;
				CLANG_WARN_INT_CONVERSION = YES;
				CLANG_WARN_NON_LITERAL_NULL_CONVERSION = YES;
				CLANG_WARN_OBJC_IMPLICIT_RETAIN_SELF = YES;
				CLANG_WARN_OBJC_LITERAL_CONVERSION = YES;
				CLANG_WARN_OBJC_ROOT_CLASS = YES_ERROR;
				CLANG_WARN_RANGE_LOOP_ANALYSIS = YES;
				CLANG_WARN_STRICT_PROTOTYPES = YES;
				CLANG_WARN_SUSPICIOUS_MOVE = YES;
				CLANG_WARN_UNGUARDED_AVAILABILITY = YES_AGGRESSIVE;
				CLANG_WARN_UNREACHABLE_CODE = YES;
				CLANG_WARN__DUPLICATE_METHOD_MATCH = YES;
				CODE_SIGN_IDENTITY = "iPhone Developer";
				COPY_PHASE_STRIP = NO;
				DEBUG_INFORMATION_FORMAT = "dwarf-with-dsym";
				ENABLE_NS_ASSERTIONS = NO;
				ENABLE_STRICT_OBJC_MSGSEND = YES;
				GCC_C_LANGUAGE_STANDARD = gnu11;
				GCC_NO_COMMON_BLOCKS = YES;
				GCC_WARN_64_TO_32_BIT_CONVERSION = YES;
				GCC_WARN_ABOUT_RETURN_TYPE = YES_ERROR;
				GCC_WARN_UNDECLARED_SELECTOR = YES;
				GCC_WARN_UNINITIALIZED_AUTOS = YES_AGGRESSIVE;
				GCC_WARN_UNUSED_FUNCTION = YES;
				GCC_WARN_UNUSED_VARIABLE = YES;
				IPHONEOS_DEPLOYMENT_TARGET = 12.0;
				MTL_ENABLE_DEBUG_INFO = NO;
				MTL_FAST_MATH = YES;
				SDKROOT = iphoneos;
				SWIFT_COMPILATION_MODE = wholemodule;
				SWIFT_OPTIMIZATION_LEVEL = "-O";
				VALIDATE_PRODUCT = YES;
			};
			name = Release;
		};
		1CE35B43215D215B0077A020 /* Debug */ = {
			isa = XCBuildConfiguration;
			buildSettings = {
				ASSETCATALOG_COMPILER_APPICON_NAME = AppIcon;
				CODE_SIGN_STYLE = Automatic;
				DEVELOPMENT_TEAM = 6ZJQ583HU9;
				INFOPLIST_FILE = GoodEats/Info.plist;
				LD_RUNPATH_SEARCH_PATHS = (
					"$(inherited)",
					"@executable_path/Frameworks",
				);
				PRODUCT_BUNDLE_IDENTIFIER = com.juanmorillios.GoodEats;
				PRODUCT_NAME = "$(TARGET_NAME)";
				SWIFT_VERSION = 4.2;
				TARGETED_DEVICE_FAMILY = "1,2";
			};
			name = Debug;
		};
		1CE35B44215D215B0077A020 /* Release */ = {
			isa = XCBuildConfiguration;
			buildSettings = {
				ASSETCATALOG_COMPILER_APPICON_NAME = AppIcon;
				CODE_SIGN_STYLE = Automatic;
				DEVELOPMENT_TEAM = 6ZJQ583HU9;
				INFOPLIST_FILE = GoodEats/Info.plist;
				LD_RUNPATH_SEARCH_PATHS = (
					"$(inherited)",
					"@executable_path/Frameworks",
				);
				PRODUCT_BUNDLE_IDENTIFIER = com.juanmorillios.GoodEats;
				PRODUCT_NAME = "$(TARGET_NAME)";
				SWIFT_VERSION = 4.2;
				TARGETED_DEVICE_FAMILY = "1,2";
			};
			name = Release;
		};
		1CE35B46215D215B0077A020 /* Debug */ = {
			isa = XCBuildConfiguration;
			buildSettings = {
				ALWAYS_EMBED_SWIFT_STANDARD_LIBRARIES = YES;
				BUNDLE_LOADER = "$(TEST_HOST)";
				CODE_SIGN_STYLE = Automatic;
				DEVELOPMENT_TEAM = 6ZJQ583HU9;
				INFOPLIST_FILE = GoodEatsTests/Info.plist;
				LD_RUNPATH_SEARCH_PATHS = (
					"$(inherited)",
					"@executable_path/Frameworks",
					"@loader_path/Frameworks",
				);
				PRODUCT_BUNDLE_IDENTIFIER = com.juanmorillios.GoodEatsTests;
				PRODUCT_NAME = "$(TARGET_NAME)";
				SWIFT_VERSION = 4.2;
				TARGETED_DEVICE_FAMILY = "1,2";
				TEST_HOST = "$(BUILT_PRODUCTS_DIR)/GoodEats.app/GoodEats";
			};
			name = Debug;
		};
		1CE35B47215D215B0077A020 /* Release */ = {
			isa = XCBuildConfiguration;
			buildSettings = {
				ALWAYS_EMBED_SWIFT_STANDARD_LIBRARIES = YES;
				BUNDLE_LOADER = "$(TEST_HOST)";
				CODE_SIGN_STYLE = Automatic;
				DEVELOPMENT_TEAM = 6ZJQ583HU9;
				INFOPLIST_FILE = GoodEatsTests/Info.plist;
				LD_RUNPATH_SEARCH_PATHS = (
					"$(inherited)",
					"@executable_path/Frameworks",
					"@loader_path/Frameworks",
				);
				PRODUCT_BUNDLE_IDENTIFIER = com.juanmorillios.GoodEatsTests;
				PRODUCT_NAME = "$(TARGET_NAME)";
				SWIFT_VERSION = 4.2;
				TARGETED_DEVICE_FAMILY = "1,2";
				TEST_HOST = "$(BUILT_PRODUCTS_DIR)/GoodEats.app/GoodEats";
			};
			name = Release;
		};
		1CE35B49215D215B0077A020 /* Debug */ = {
			isa = XCBuildConfiguration;
			buildSettings = {
				ALWAYS_EMBED_SWIFT_STANDARD_LIBRARIES = YES;
				CODE_SIGN_STYLE = Automatic;
				DEVELOPMENT_TEAM = 6ZJQ583HU9;
				INFOPLIST_FILE = GoodEatsUITests/Info.plist;
				LD_RUNPATH_SEARCH_PATHS = (
					"$(inherited)",
					"@executable_path/Frameworks",
					"@loader_path/Frameworks",
				);
				PRODUCT_BUNDLE_IDENTIFIER = com.juanmorillios.GoodEatsUITests;
				PRODUCT_NAME = "$(TARGET_NAME)";
				SWIFT_VERSION = 4.2;
				TARGETED_DEVICE_FAMILY = "1,2";
				TEST_TARGET_NAME = GoodEats;
			};
			name = Debug;
		};
		1CE35B4A215D215B0077A020 /* Release */ = {
			isa = XCBuildConfiguration;
			buildSettings = {
				ALWAYS_EMBED_SWIFT_STANDARD_LIBRARIES = YES;
				CODE_SIGN_STYLE = Automatic;
				DEVELOPMENT_TEAM = 6ZJQ583HU9;
				INFOPLIST_FILE = GoodEatsUITests/Info.plist;
				LD_RUNPATH_SEARCH_PATHS = (
					"$(inherited)",
					"@executable_path/Frameworks",
					"@loader_path/Frameworks",
				);
				PRODUCT_BUNDLE_IDENTIFIER = com.juanmorillios.GoodEatsUITests;
				PRODUCT_NAME = "$(TARGET_NAME)";
				SWIFT_VERSION = 4.2;
				TARGETED_DEVICE_FAMILY = "1,2";
				TEST_TARGET_NAME = GoodEats;
			};
			name = Release;
		};
/* End XCBuildConfiguration section */

/* Begin XCConfigurationList section */
		1CE35B15215D215A0077A020 /* Build configuration list for PBXProject "GoodEats" */ = {
			isa = XCConfigurationList;
			buildConfigurations = (
				1CE35B40215D215B0077A020 /* Debug */,
				1CE35B41215D215B0077A020 /* Release */,
			);
			defaultConfigurationIsVisible = 0;
			defaultConfigurationName = Release;
		};
		1CE35B42215D215B0077A020 /* Build configuration list for PBXNativeTarget "GoodEats" */ = {
			isa = XCConfigurationList;
			buildConfigurations = (
				1CE35B43215D215B0077A020 /* Debug */,
				1CE35B44215D215B0077A020 /* Release */,
			);
			defaultConfigurationIsVisible = 0;
			defaultConfigurationName = Release;
		};
		1CE35B45215D215B0077A020 /* Build configuration list for PBXNativeTarget "GoodEatsTests" */ = {
			isa = XCConfigurationList;
			buildConfigurations = (
				1CE35B46215D215B0077A020 /* Debug */,
				1CE35B47215D215B0077A020 /* Release */,
			);
			defaultConfigurationIsVisible = 0;
			defaultConfigurationName = Release;
		};
		1CE35B48215D215B0077A020 /* Build configuration list for PBXNativeTarget "GoodEatsUITests" */ = {
			isa = XCConfigurationList;
			buildConfigurations = (
				1CE35B49215D215B0077A020 /* Debug */,
				1CE35B4A215D215B0077A020 /* Release */,
			);
			defaultConfigurationIsVisible = 0;
			defaultConfigurationName = Release;
		};
/* End XCConfigurationList section */
	};
	rootObject = 1CE35B12215D215A0077A020 /* Project object */;
}
